
Microsoft Visual Studio Solution File, Format Version 12.00
# Visual Studio 14
VisualStudioVersion = 14.0.25420.1
MinimumVisualStudioVersion = 10.0.40219.1
Project("{FAE04EC0-301F-11D3-BF4B-00C04F79EFBC}") = "WebSite", "WebSite\WebSite.csproj", "{0B191D90-6BA9-4991-A912-181EAC7200A8}"
EndProject
Project("{FAE04EC0-301F-11D3-BF4B-00C04F79EFBC}") = "WebSite.Tests", "WebSite.Tests\WebSite.Tests.csproj", "{5484B3A2-B0AE-4DCE-B029-BD5D1F0CC5D0}"
	ProjectSection(ProjectDependencies) = postProject
		{EE5430C2-A0A1-4FA0-94B9-B707483D822D} = {EE5430C2-A0A1-4FA0-94B9-B707483D822D}
	EndProjectSection
EndProject
Project("{FAE04EC0-301F-11D3-BF4B-00C04F79EFBC}") = "IsolationHost", "IsolationHost\IsolationHost.csproj", "{F8E9FAAF-6FC9-4EE2-A755-36551A662436}"
EndProject
Project("{FAE04EC0-301F-11D3-BF4B-00C04F79EFBC}") = "IsolationWrapper", "IsolationWrapper\IsolationWrapper.csproj", "{F8169349-C223-450C-AFEE-73057DB7C982}"
EndProject
Project("{FAE04EC0-301F-11D3-BF4B-00C04F79EFBC}") = "SecurityModule", "SecurityModule\SecurityModule.csproj", "{EE5430C2-A0A1-4FA0-94B9-B707483D822D}"
EndProject
Global
	GlobalSection(SolutionConfigurationPlatforms) = preSolution
		Debug|Any CPU = Debug|Any CPU
		Release|Any CPU = Release|Any CPU
	EndGlobalSection
	GlobalSection(ProjectConfigurationPlatforms) = postSolution
		{0B191D90-6BA9-4991-A912-181EAC7200A8}.Debug|Any CPU.ActiveCfg = Debug|Any CPU
		{0B191D90-6BA9-4991-A912-181EAC7200A8}.Debug|Any CPU.Build.0 = Debug|Any CPU
		{0B191D90-6BA9-4991-A912-181EAC7200A8}.Release|Any CPU.ActiveCfg = Release|Any CPU
		{0B191D90-6BA9-4991-A912-181EAC7200A8}.Release|Any CPU.Build.0 = Release|Any CPU
		{5484B3A2-B0AE-4DCE-B029-BD5D1F0CC5D0}.Debug|Any CPU.ActiveCfg = Debug|Any CPU
		{5484B3A2-B0AE-4DCE-B029-BD5D1F0CC5D0}.Debug|Any CPU.Build.0 = Debug|Any CPU
		{5484B3A2-B0AE-4DCE-B029-BD5D1F0CC5D0}.Release|Any CPU.ActiveCfg = Release|Any CPU
		{5484B3A2-B0AE-4DCE-B029-BD5D1F0CC5D0}.Release|Any CPU.Build.0 = Release|Any CPU
		{F8E9FAAF-6FC9-4EE2-A755-36551A662436}.Debug|Any CPU.ActiveCfg = Debug|Any CPU
		{F8E9FAAF-6FC9-4EE2-A755-36551A662436}.Debug|Any CPU.Build.0 = Debug|Any CPU
		{F8E9FAAF-6FC9-4EE2-A755-36551A662436}.Release|Any CPU.ActiveCfg = Release|Any CPU
		{F8E9FAAF-6FC9-4EE2-A755-36551A662436}.Release|Any CPU.Build.0 = Release|Any CPU
		{F8169349-C223-450C-AFEE-73057DB7C982}.Debug|Any CPU.ActiveCfg = Debug|Any CPU
		{F8169349-C223-450C-AFEE-73057DB7C982}.Debug|Any CPU.Build.0 = Debug|Any CPU
		{F8169349-C223-450C-AFEE-73057DB7C982}.Release|Any CPU.ActiveCfg = Release|Any CPU
		{F8169349-C223-450C-AFEE-73057DB7C982}.Release|Any CPU.Build.0 = Release|Any CPU
		{EE5430C2-A0A1-4FA0-94B9-B707483D822D}.Debug|Any CPU.ActiveCfg = Debug|Any CPU
		{EE5430C2-A0A1-4FA0-94B9-B707483D822D}.Debug|Any CPU.Build.0 = Debug|Any CPU
		{EE5430C2-A0A1-4FA0-94B9-B707483D822D}.Release|Any CPU.ActiveCfg = Release|Any CPU
		{EE5430C2-A0A1-4FA0-94B9-B707483D822D}.Release|Any CPU.Build.0 = Release|Any CPU
	EndGlobalSection
	GlobalSection(SolutionProperties) = preSolution
		HideSolutionNode = FALSE
	EndGlobalSection
EndGlobal
